
Microsoft Visual Studio Solution File, Format Version 12.00
# Visual Studio Version 16
VisualStudioVersion = 16.0.31729.503
MinimumVisualStudioVersion = 10.0.40219.1
Project("{FAE04EC0-301F-11D3-BF4B-00C04F79EFBC}") = "ConsoleApp21", "ConsoleApp21\ConsoleApp21.csproj", "{815454E9-F2FA-4D67-B557-D1576F407F78}"
EndProject
Global
	GlobalSection(SolutionConfigurationPlatforms) = preSolution
		Debug|Any CPU = Debug|Any CPU
		Release|Any CPU = Release|Any CPU
	EndGlobalSection
	GlobalSection(ProjectConfigurationPlatforms) = postSolution
		{815454E9-F2FA-4D67-B557-D1576F407F78}.Debug|Any CPU.ActiveCfg = Debug|Any CPU
		{815454E9-F2FA-4D67-B557-D1576F407F78}.Debug|Any CPU.Build.0 = Debug|Any CPU
		{815454E9-F2FA-4D67-B557-D1576F407F78}.Release|Any CPU.ActiveCfg = Release|Any CPU
		{815454E9-F2FA-4D67-B557-D1576F407F78}.Release|Any CPU.Build.0 = Release|Any CPU
	EndGlobalSection
	GlobalSection(SolutionProperties) = preSolution
		HideSolutionNode = FALSE
	EndGlobalSection
	GlobalSection(ExtensibilityGlobals) = postSolution
		SolutionGuid = {91AAE0B2-25BF-4898-B964-565CDFD90151}
	EndGlobalSection
EndGlobal
